
Microsoft Visual Studio Solution File, Format Version 12.00
# Visual Studio 15
VisualStudioVersion = 15.0.27428.2037
MinimumVisualStudioVersion = 10.0.40219.1
Project("{FAE04EC0-301F-11D3-BF4B-00C04F79EFBC}") = "StartAndSleep", "StartAndSleep\StartAndSleep.csproj", "{AF3EB49B-D784-4D90-8D4A-8A46B2EEF7EC}"
EndProject
Global
	GlobalSection(SolutionConfigurationPlatforms) = preSolution
		Debug|Any CPU = Debug|Any CPU
		Release|Any CPU = Release|Any CPU
	EndGlobalSection
	GlobalSection(ProjectConfigurationPlatforms) = postSolution
		{AF3EB49B-D784-4D90-8D4A-8A46B2EEF7EC}.Debug|Any CPU.ActiveCfg = Debug|Any CPU
		{AF3EB49B-D784-4D90-8D4A-8A46B2EEF7EC}.Debug|Any CPU.Build.0 = Debug|Any CPU
		{AF3EB49B-D784-4D90-8D4A-8A46B2EEF7EC}.Release|Any CPU.ActiveCfg = Release|Any CPU
		{AF3EB49B-D784-4D90-8D4A-8A46B2EEF7EC}.Release|Any CPU.Build.0 = Release|Any CPU
	EndGlobalSection
	GlobalSection(SolutionProperties) = preSolution
		HideSolutionNode = FALSE
	EndGlobalSection
	GlobalSection(ExtensibilityGlobals) = postSolution
		SolutionGuid = {2572B6C4-6445-462A-94BB-DCAABF0A70B9}
	EndGlobalSection
EndGlobal
